
Microsoft Visual Studio Solution File, Format Version 12.00
# Visual Studio Version 17
VisualStudioVersion = 17.1.32228.430
MinimumVisualStudioVersion = 10.0.40219.1
Project("{FAE04EC0-301F-11D3-BF4B-00C04F79EFBC}") = "GonnaCatchThemAll", "GonnaCatchThemAll\GonnaCatchThemAll.csproj", "{5A7D05A3-BBDA-4072-BBD7-720EC1920B9C}"
EndProject
Global
	GlobalSection(SolutionConfigurationPlatforms) = preSolution
		Debug|Any CPU = Debug|Any CPU
		Release|Any CPU = Release|Any CPU
	EndGlobalSection
	GlobalSection(ProjectConfigurationPlatforms) = postSolution
		{5A7D05A3-BBDA-4072-BBD7-720EC1920B9C}.Debug|Any CPU.ActiveCfg = Debug|Any CPU
		{5A7D05A3-BBDA-4072-BBD7-720EC1920B9C}.Debug|Any CPU.Build.0 = Debug|Any CPU
		{5A7D05A3-BBDA-4072-BBD7-720EC1920B9C}.Release|Any CPU.ActiveCfg = Release|Any CPU
		{5A7D05A3-BBDA-4072-BBD7-720EC1920B9C}.Release|Any CPU.Build.0 = Release|Any CPU
	EndGlobalSection
	GlobalSection(SolutionProperties) = preSolution
		HideSolutionNode = FALSE
	EndGlobalSection
	GlobalSection(ExtensibilityGlobals) = postSolution
		SolutionGuid = {D19B8199-3370-4070-AA10-87410ED46773}
	EndGlobalSection
EndGlobal
